
Microsoft Visual Studio Solution File, Format Version 12.00
Project("{FAE04EC0-301F-11D3-BF4B-00C04F79EFBC}") = "AAS_BSL", "AAS_BSL\AAS_BSL.csproj", "{BD83E73C-BC41-4A00-A018-2AF632D65C94}"
EndProject
Project("{2150E333-8FDC-42A3-9474-1A3956D46DE8}") = "DB", "DB", "{67E6A17B-A2D6-42F1-A391-CDCC0FE52A67}"
EndProject
Project("{FAE04EC0-301F-11D3-BF4B-00C04F79EFBC}") = "AAS_BSL.DB", "AAS_BSL.DB\AAS_BSL.DB.csproj", "{FEAB92EC-6213-41BD-B90C-B557F3A7BFD5}"
EndProject
Project("{FAE04EC0-301F-11D3-BF4B-00C04F79EFBC}") = "AAS_BSL.Domain", "AAS_BSL.Domain\AAS_BSL.Domain.csproj", "{C56081F5-2E56-4FF2-A5AD-BB60476A9CFE}"
EndProject
Project("{FAE04EC0-301F-11D3-BF4B-00C04F79EFBC}") = "AAS_BSL.Infrastructure", "AAS_BSL.Infrastructure\AAS_BSL.Infrastructure.csproj", "{B2F5B734-99B4-4A79-BBEE-C189FB235EA4}"
EndProject
Project("{FAE04EC0-301F-11D3-BF4B-00C04F79EFBC}") = "AAS_BSL.Services", "AAS_BSL.Services\AAS_BSL.Services.csproj", "{A414FC31-9CAE-4E5B-A13B-4A19D7E2AE87}"
EndProject
Global
	GlobalSection(SolutionConfigurationPlatforms) = preSolution
		Debug|Any CPU = Debug|Any CPU
		Release|Any CPU = Release|Any CPU
	EndGlobalSection
	GlobalSection(ProjectConfigurationPlatforms) = postSolution
		{BD83E73C-BC41-4A00-A018-2AF632D65C94}.Debug|Any CPU.ActiveCfg = Debug|Any CPU
		{BD83E73C-BC41-4A00-A018-2AF632D65C94}.Debug|Any CPU.Build.0 = Debug|Any CPU
		{BD83E73C-BC41-4A00-A018-2AF632D65C94}.Release|Any CPU.ActiveCfg = Release|Any CPU
		{BD83E73C-BC41-4A00-A018-2AF632D65C94}.Release|Any CPU.Build.0 = Release|Any CPU
		{FEAB92EC-6213-41BD-B90C-B557F3A7BFD5}.Debug|Any CPU.ActiveCfg = Debug|Any CPU
		{FEAB92EC-6213-41BD-B90C-B557F3A7BFD5}.Debug|Any CPU.Build.0 = Debug|Any CPU
		{FEAB92EC-6213-41BD-B90C-B557F3A7BFD5}.Release|Any CPU.ActiveCfg = Release|Any CPU
		{FEAB92EC-6213-41BD-B90C-B557F3A7BFD5}.Release|Any CPU.Build.0 = Release|Any CPU
		{C56081F5-2E56-4FF2-A5AD-BB60476A9CFE}.Debug|Any CPU.ActiveCfg = Debug|Any CPU
		{C56081F5-2E56-4FF2-A5AD-BB60476A9CFE}.Debug|Any CPU.Build.0 = Debug|Any CPU
		{C56081F5-2E56-4FF2-A5AD-BB60476A9CFE}.Release|Any CPU.ActiveCfg = Release|Any CPU
		{C56081F5-2E56-4FF2-A5AD-BB60476A9CFE}.Release|Any CPU.Build.0 = Release|Any CPU
		{B2F5B734-99B4-4A79-BBEE-C189FB235EA4}.Debug|Any CPU.ActiveCfg = Debug|Any CPU
		{B2F5B734-99B4-4A79-BBEE-C189FB235EA4}.Debug|Any CPU.Build.0 = Debug|Any CPU
		{B2F5B734-99B4-4A79-BBEE-C189FB235EA4}.Release|Any CPU.ActiveCfg = Release|Any CPU
		{B2F5B734-99B4-4A79-BBEE-C189FB235EA4}.Release|Any CPU.Build.0 = Release|Any CPU
		{A414FC31-9CAE-4E5B-A13B-4A19D7E2AE87}.Debug|Any CPU.ActiveCfg = Debug|Any CPU
		{A414FC31-9CAE-4E5B-A13B-4A19D7E2AE87}.Debug|Any CPU.Build.0 = Debug|Any CPU
		{A414FC31-9CAE-4E5B-A13B-4A19D7E2AE87}.Release|Any CPU.ActiveCfg = Release|Any CPU
		{A414FC31-9CAE-4E5B-A13B-4A19D7E2AE87}.Release|Any CPU.Build.0 = Release|Any CPU
	EndGlobalSection
	GlobalSection(NestedProjects) = preSolution
		{FEAB92EC-6213-41BD-B90C-B557F3A7BFD5} = {67E6A17B-A2D6-42F1-A391-CDCC0FE52A67}
	EndGlobalSection
EndGlobal
